// !$*UTF8*$!
{
	archiveVersion = 1;
	classes = {
	};
	objectVersion = 46;
	objects = {

/* Begin PBXBuildFile section */
		E0253B01BF75980541CE3307 /* libPods.a in Frameworks */ = {isa = PBXBuildFile; fileRef = 06FCD216A7BE4774D809F3B5 /* libPods.a */; };
		F45E55E01C35118C00C8BEC0 /* main.m in Sources */ = {isa = PBXBuildFile; fileRef = F45E55DF1C35118C00C8BEC0 /* main.m */; };
		F45E55E31C35118C00C8BEC0 /* AppDelegate.m in Sources */ = {isa = PBXBuildFile; fileRef = F45E55E21C35118C00C8BEC0 /* AppDelegate.m */; };
		F45E55E61C35118C00C8BEC0 /* ViewController.m in Sources */ = {isa = PBXBuildFile; fileRef = F45E55E51C35118C00C8BEC0 /* ViewController.m */; };
		F45E55E91C35118C00C8BEC0 /* Main.storyboard in Resources */ = {isa = PBXBuildFile; fileRef = F45E55E71C35118C00C8BEC0 /* Main.storyboard */; };
		F45E55EB1C35118C00C8BEC0 /* Assets.xcassets in Resources */ = {isa = PBXBuildFile; fileRef = F45E55EA1C35118C00C8BEC0 /* Assets.xcassets */; };
		F45E55EE1C35118C00C8BEC0 /* LaunchScreen.storyboard in Resources */ = {isa = PBXBuildFile; fileRef = F45E55EC1C35118C00C8BEC0 /* LaunchScreen.storyboard */; };
		F45E55FE1C351E6800C8BEC0 /* LicenceCellTableViewCell.m in Sources */ = {isa = PBXBuildFile; fileRef = F45E55FC1C351E6800C8BEC0 /* LicenceCellTableViewCell.m */; };
		F45E55FF1C351E6800C8BEC0 /* LicenceCellTableViewCell.xib in Resources */ = {isa = PBXBuildFile; fileRef = F45E55FD1C351E6800C8BEC0 /* LicenceCellTableViewCell.xib */; };
		F45E56051C351EED00C8BEC0 /* LicenseEntity.m in Sources */ = {isa = PBXBuildFile; fileRef = F45E56041C351EED00C8BEC0 /* LicenseEntity.m */; };
		F45E56081C351EFB00C8BEC0 /* LicenseManager.m in Sources */ = {isa = PBXBuildFile; fileRef = F45E56071C351EFB00C8BEC0 /* LicenseManager.m */; };
		F45E56141C35368500C8BEC0 /* LicenseViewController.m in Sources */ = {isa = PBXBuildFile; fileRef = F45E56121C35368500C8BEC0 /* LicenseViewController.m */; };
		F45E56171C3549DE00C8BEC0 /* LicenseViewController.xib in Resources */ = {isa = PBXBuildFile; fileRef = F45E56161C3549DE00C8BEC0 /* LicenseViewController.xib */; };
		F45E561D1C3575B200C8BEC0 /* Pods-acknowledgements.plist in Resources */ = {isa = PBXBuildFile; fileRef = F45E561C1C3575B200C8BEC0 /* Pods-acknowledgements.plist */; };
/* End PBXBuildFile section */

/* Begin PBXFileReference section */
		06FCD216A7BE4774D809F3B5 /* libPods.a */ = {isa = PBXFileReference; explicitFileType = archive.ar; includeInIndex = 0; path = libPods.a; sourceTree = BUILT_PRODUCTS_DIR; };
		1680B574B50C86CE2F1DDA22 /* Pods.release.xcconfig */ = {isa = PBXFileReference; includeInIndex = 1; lastKnownFileType = text.xcconfig; name = Pods.release.xcconfig; path = "Pods/Target Support Files/Pods/Pods.release.xcconfig"; sourceTree = "<group>"; };
		9ACB4C105813C0048E571CDD /* Pods.debug.xcconfig */ = {isa = PBXFileReference; includeInIndex = 1; lastKnownFileType = text.xcconfig; name = Pods.debug.xcconfig; path = "Pods/Target Support Files/Pods/Pods.debug.xcconfig"; sourceTree = "<group>"; };
		F45E55DB1C35118C00C8BEC0 /* LicenseViewer.app */ = {isa = PBXFileReference; explicitFileType = wrapper.application; includeInIndex = 0; path = LicenseViewer.app; sourceTree = BUILT_PRODUCTS_DIR; };
		F45E55DF1C35118C00C8BEC0 /* main.m */ = {isa = PBXFileReference; lastKnownFileType = sourcecode.c.objc; path = main.m; sourceTree = "<group>"; };
		F45E55E11C35118C00C8BEC0 /* AppDelegate.h */ = {isa = PBXFileReference; lastKnownFileType = sourcecode.c.h; path = AppDelegate.h; sourceTree = "<group>"; };
		F45E55E21C35118C00C8BEC0 /* AppDelegate.m */ = {isa = PBXFileReference; lastKnownFileType = sourcecode.c.objc; path = AppDelegate.m; sourceTree = "<group>"; };
		F45E55E41C35118C00C8BEC0 /* ViewController.h */ = {isa = PBXFileReference; lastKnownFileType = sourcecode.c.h; path = ViewController.h; sourceTree = "<group>"; };
		F45E55E51C35118C00C8BEC0 /* ViewController.m */ = {isa = PBXFileReference; lastKnownFileType = sourcecode.c.objc; path = ViewController.m; sourceTree = "<group>"; };
		F45E55E81C35118C00C8BEC0 /* Base */ = {isa = PBXFileReference; lastKnownFileType = file.storyboard; name = Base; path = Base.lproj/Main.storyboard; sourceTree = "<group>"; };
		F45E55EA1C35118C00C8BEC0 /* Assets.xcassets */ = {isa = PBXFileReference; lastKnownFileType = folder.assetcatalog; path = Assets.xcassets; sourceTree = "<group>"; };
		F45E55ED1C35118C00C8BEC0 /* Base */ = {isa = PBXFileReference; lastKnownFileType = file.storyboard; name = Base; path = Base.lproj/LaunchScreen.storyboard; sourceTree = "<group>"; };
		F45E55EF1C35118C00C8BEC0 /* Info.plist */ = {isa = PBXFileReference; lastKnownFileType = text.plist.xml; path = Info.plist; sourceTree = "<group>"; };
		F45E55FB1C351E6800C8BEC0 /* LicenceCellTableViewCell.h */ = {isa = PBXFileReference; fileEncoding = 4; lastKnownFileType = sourcecode.c.h; path = LicenceCellTableViewCell.h; sourceTree = "<group>"; };
		F45E55FC1C351E6800C8BEC0 /* LicenceCellTableViewCell.m */ = {isa = PBXFileReference; fileEncoding = 4; lastKnownFileType = sourcecode.c.objc; path = LicenceCellTableViewCell.m; sourceTree = "<group>"; };
		F45E55FD1C351E6800C8BEC0 /* LicenceCellTableViewCell.xib */ = {isa = PBXFileReference; fileEncoding = 4; lastKnownFileType = file.xib; path = LicenceCellTableViewCell.xib; sourceTree = "<group>"; };
		F45E56031C351EED00C8BEC0 /* LicenseEntity.h */ = {isa = PBXFileReference; fileEncoding = 4; lastKnownFileType = sourcecode.c.h; path = LicenseEntity.h; sourceTree = "<group>"; };
		F45E56041C351EED00C8BEC0 /* LicenseEntity.m */ = {isa = PBXFileReference; fileEncoding = 4; lastKnownFileType = sourcecode.c.objc; path = LicenseEntity.m; sourceTree = "<group>"; };
		F45E56061C351EFB00C8BEC0 /* LicenseManager.h */ = {isa = PBXFileReference; fileEncoding = 4; lastKnownFileType = sourcecode.c.h; path = LicenseManager.h; sourceTree = "<group>"; };
		F45E56071C351EFB00C8BEC0 /* LicenseManager.m */ = {isa = PBXFileReference; fileEncoding = 4; lastKnownFileType = sourcecode.c.objc; path = LicenseManager.m; sourceTree = "<group>"; };
		F45E56111C35368500C8BEC0 /* LicenseViewController.h */ = {isa = PBXFileReference; fileEncoding = 4; lastKnownFileType = sourcecode.c.h; path = LicenseViewController.h; sourceTree = "<group>"; };
		F45E56121C35368500C8BEC0 /* LicenseViewController.m */ = {isa = PBXFileReference; fileEncoding = 4; lastKnownFileType = sourcecode.c.objc; path = LicenseViewController.m; sourceTree = "<group>"; };
		F45E56161C3549DE00C8BEC0 /* LicenseViewController.xib */ = {isa = PBXFileReference; fileEncoding = 4; lastKnownFileType = file.xib; path = LicenseViewController.xib; sourceTree = "<group>"; };
		F45E561C1C3575B200C8BEC0 /* Pods-acknowledgements.plist */ = {isa = PBXFileReference; fileEncoding = 4; lastKnownFileType = text.plist.xml; path = "Pods-acknowledgements.plist"; sourceTree = "<group>"; };
/* End PBXFileReference section */

/* Begin PBXFrameworksBuildPhase section */
		F45E55D81C35118C00C8BEC0 /* Frameworks */ = {
			isa = PBXFrameworksBuildPhase;
			buildActionMask = 2147483647;
			files = (
				E0253B01BF75980541CE3307 /* libPods.a in Frameworks */,
			);
			runOnlyForDeploymentPostprocessing = 0;
		};
/* End PBXFrameworksBuildPhase section */

/* Begin PBXGroup section */
		8B73BE281162100079DFE23A /* Frameworks */ = {
			isa = PBXGroup;
			children = (
				06FCD216A7BE4774D809F3B5 /* libPods.a */,
			);
			name = Frameworks;
			sourceTree = "<group>";
		};
		CD99A2C18E973ECD9AFAC71E /* Pods */ = {
			isa = PBXGroup;
			children = (
				9ACB4C105813C0048E571CDD /* Pods.debug.xcconfig */,
				1680B574B50C86CE2F1DDA22 /* Pods.release.xcconfig */,
			);
			name = Pods;
			sourceTree = "<group>";
		};
		F45E55D21C35118C00C8BEC0 = {
			isa = PBXGroup;
			children = (
				F45E55F51C3511EF00C8BEC0 /* Pear-LicenseView-iOS */,
				F45E55DD1C35118C00C8BEC0 /* LicenseViewer */,
				F45E55DC1C35118C00C8BEC0 /* Products */,
				8B73BE281162100079DFE23A /* Frameworks */,
				CD99A2C18E973ECD9AFAC71E /* Pods */,
			);
			sourceTree = "<group>";
		};
		F45E55DC1C35118C00C8BEC0 /* Products */ = {
			isa = PBXGroup;
			children = (
				F45E55DB1C35118C00C8BEC0 /* LicenseViewer.app */,
			);
			name = Products;
			sourceTree = "<group>";
		};
		F45E55DD1C35118C00C8BEC0 /* LicenseViewer */ = {
			isa = PBXGroup;
			children = (
				F45E55E11C35118C00C8BEC0 /* AppDelegate.h */,
				F45E55E21C35118C00C8BEC0 /* AppDelegate.m */,
				F45E55E41C35118C00C8BEC0 /* ViewController.h */,
				F45E55E51C35118C00C8BEC0 /* ViewController.m */,
				F45E55E71C35118C00C8BEC0 /* Main.storyboard */,
				F45E55EA1C35118C00C8BEC0 /* Assets.xcassets */,
				F45E55EC1C35118C00C8BEC0 /* LaunchScreen.storyboard */,
				F45E55EF1C35118C00C8BEC0 /* Info.plist */,
				F45E55DE1C35118C00C8BEC0 /* Supporting Files */,
			);
			path = LicenseViewer;
			sourceTree = "<group>";
		};
		F45E55DE1C35118C00C8BEC0 /* Supporting Files */ = {
			isa = PBXGroup;
			children = (
				F45E561C1C3575B200C8BEC0 /* Pods-acknowledgements.plist */,
				F45E55DF1C35118C00C8BEC0 /* main.m */,
			);
			name = "Supporting Files";
			sourceTree = "<group>";
		};
		F45E55F51C3511EF00C8BEC0 /* Pear-LicenseView-iOS */ = {
			isa = PBXGroup;
			children = (
				F45E561E1C362D4700C8BEC0 /* resource */,
				F45E55FB1C351E6800C8BEC0 /* LicenceCellTableViewCell.h */,
				F45E55FC1C351E6800C8BEC0 /* LicenceCellTableViewCell.m */,
				F45E56031C351EED00C8BEC0 /* LicenseEntity.h */,
				F45E56041C351EED00C8BEC0 /* LicenseEntity.m */,
				F45E56061C351EFB00C8BEC0 /* LicenseManager.h */,
				F45E56071C351EFB00C8BEC0 /* LicenseManager.m */,
				F45E56111C35368500C8BEC0 /* LicenseViewController.h */,
				F45E56121C35368500C8BEC0 /* LicenseViewController.m */,
			);
			path = "Pear-LicenseView-iOS";
			sourceTree = "<group>";
		};
		F45E561E1C362D4700C8BEC0 /* resource */ = {
			isa = PBXGroup;
			children = (
				F45E56161C3549DE00C8BEC0 /* LicenseViewController.xib */,
				F45E55FD1C351E6800C8BEC0 /* LicenceCellTableViewCell.xib */,
			);
			path = resource;
			sourceTree = "<group>";
		};
/* End PBXGroup section */

/* Begin PBXNativeTarget section */
		F45E55DA1C35118C00C8BEC0 /* LicenseViewer */ = {
			isa = PBXNativeTarget;
			buildConfigurationList = F45E55F21C35118C00C8BEC0 /* Build configuration list for PBXNativeTarget "LicenseViewer" */;
			buildPhases = (
				CD65EF8E6377F0F940CAEC6D /* Check Pods Manifest.lock */,
				F45E55D71C35118C00C8BEC0 /* Sources */,
				F45E55D81C35118C00C8BEC0 /* Frameworks */,
				F45E55D91C35118C00C8BEC0 /* Resources */,
				793D0E1910887E3FF8E7DDE1 /* Embed Pods Frameworks */,
				2558264E1BAE03F8C9371463 /* Copy Pods Resources */,
			);
			buildRules = (
			);
			dependencies = (
			);
			name = LicenseViewer;
			productName = LicenseViewer;
			productReference = F45E55DB1C35118C00C8BEC0 /* LicenseViewer.app */;
			productType = "com.apple.product-type.application";
		};
/* End PBXNativeTarget section */

/* Begin PBXProject section */
		F45E55D31C35118C00C8BEC0 /* Project object */ = {
			isa = PBXProject;
			attributes = {
				LastUpgradeCheck = 0720;
				ORGANIZATIONNAME = hirokiumatani;
				TargetAttributes = {
					F45E55DA1C35118C00C8BEC0 = {
						CreatedOnToolsVersion = 7.2;
						DevelopmentTeam = XE4E546GZY;
					};
				};
			};
			buildConfigurationList = F45E55D61C35118C00C8BEC0 /* Build configuration list for PBXProject "LicenseViewer" */;
			compatibilityVersion = "Xcode 3.2";
			developmentRegion = English;
			hasScannedForEncodings = 0;
			knownRegions = (
				en,
				Base,
			);
			mainGroup = F45E55D21C35118C00C8BEC0;
			productRefGroup = F45E55DC1C35118C00C8BEC0 /* Products */;
			projectDirPath = "";
			projectRoot = "";
			targets = (
				F45E55DA1C35118C00C8BEC0 /* LicenseViewer */,
			);
		};
/* End PBXProject section */

/* Begin PBXResourcesBuildPhase section */
		F45E55D91C35118C00C8BEC0 /* Resources */ = {
			isa = PBXResourcesBuildPhase;
			buildActionMask = 2147483647;
			files = (
				F45E55FF1C351E6800C8BEC0 /* LicenceCellTableViewCell.xib in Resources */,
				F45E55EE1C35118C00C8BEC0 /* LaunchScreen.storyboard in Resources */,
				F45E55EB1C35118C00C8BEC0 /* Assets.xcassets in Resources */,
				F45E561D1C3575B200C8BEC0 /* Pods-acknowledgements.plist in Resources */,
				F45E56171C3549DE00C8BEC0 /* LicenseViewController.xib in Resources */,
				F45E55E91C35118C00C8BEC0 /* Main.storyboard in Resources */,
			);
			runOnlyForDeploymentPostprocessing = 0;
		};
/* End PBXResourcesBuildPhase section */

/* Begin PBXShellScriptBuildPhase section */
		2558264E1BAE03F8C9371463 /* Copy Pods Resources */ = {
			isa = PBXShellScriptBuildPhase;
			buildActionMask = 2147483647;
			files = (
			);
			inputPaths = (
			);
			name = "Copy Pods Resources";
			outputPaths = (
			);
			runOnlyForDeploymentPostprocessing = 0;
			shellPath = /bin/sh;
			shellScript = "\"${SRCROOT}/Pods/Target Support Files/Pods/Pods-resources.sh\"\n";
			showEnvVarsInLog = 0;
		};
		793D0E1910887E3FF8E7DDE1 /* Embed Pods Frameworks */ = {
			isa = PBXShellScriptBuildPhase;
			buildActionMask = 2147483647;
			files = (
			);
			inputPaths = (
			);
			name = "Embed Pods Frameworks";
			outputPaths = (
			);
			runOnlyForDeploymentPostprocessing = 0;
			shellPath = /bin/sh;
			shellScript = "\"${SRCROOT}/Pods/Target Support Files/Pods/Pods-frameworks.sh\"\n";
			showEnvVarsInLog = 0;
		};
		CD65EF8E6377F0F940CAEC6D /* Check Pods Manifest.lock */ = {
			isa = PBXShellScriptBuildPhase;
			buildActionMask = 2147483647;
			files = (
			);
			inputPaths = (
			);
			name = "Check Pods Manifest.lock";
			outputPaths = (
			);
			runOnlyForDeploymentPostprocessing = 0;
			shellPath = /bin/sh;
			shellScript = "diff \"${PODS_ROOT}/../Podfile.lock\" \"${PODS_ROOT}/Manifest.lock\" > /dev/null\nif [[ $? != 0 ]] ; then\n    cat << EOM\nerror: The sandbox is not in sync with the Podfile.lock. Run 'pod install' or update your CocoaPods installation.\nEOM\n    exit 1\nfi\n";
			showEnvVarsInLog = 0;
		};
/* End PBXShellScriptBuildPhase section */

/* Begin PBXSourcesBuildPhase section */
		F45E55D71C35118C00C8BEC0 /* Sources */ = {
			isa = PBXSourcesBuildPhase;
			buildActionMask = 2147483647;
			files = (
				F45E56081C351EFB00C8BEC0 /* LicenseManager.m in Sources */,
				F45E56141C35368500C8BEC0 /* LicenseViewController.m in Sources */,
				F45E55FE1C351E6800C8BEC0 /* LicenceCellTableViewCell.m in Sources */,
				F45E55E61C35118C00C8BEC0 /* ViewController.m in Sources */,
				F45E55E31C35118C00C8BEC0 /* AppDelegate.m in Sources */,
				F45E55E01C35118C00C8BEC0 /* main.m in Sources */,
				F45E56051C351EED00C8BEC0 /* LicenseEntity.m in Sources */,
			);
			runOnlyForDeploymentPostprocessing = 0;
		};
/* End PBXSourcesBuildPhase section */

/* Begin PBXVariantGroup section */
		F45E55E71C35118C00C8BEC0 /* Main.storyboard */ = {
			isa = PBXVariantGroup;
			children = (
				F45E55E81C35118C00C8BEC0 /* Base */,
			);
			name = Main.storyboard;
			sourceTree = "<group>";
		};
		F45E55EC1C35118C00C8BEC0 /* LaunchScreen.storyboard */ = {
			isa = PBXVariantGroup;
			children = (
				F45E55ED1C35118C00C8BEC0 /* Base */,
			);
			name = LaunchScreen.storyboard;
			sourceTree = "<group>";
		};
/* End PBXVariantGroup section */

/* Begin XCBuildConfiguration section */
		F45E55F01C35118C00C8BEC0 /* Debug */ = {
			isa = XCBuildConfiguration;
			buildSettings = {
				ALWAYS_SEARCH_USER_PATHS = NO;
				CLANG_CXX_LANGUAGE_STANDARD = "gnu++0x";
				CLANG_CXX_LIBRARY = "libc++";
				CLANG_ENABLE_MODULES = YES;
				CLANG_ENABLE_OBJC_ARC = YES;
				CLANG_WARN_BOOL_CONVERSION = YES;
				CLANG_WARN_CONSTANT_CONVERSION = YES;
				CLANG_WARN_DIRECT_OBJC_ISA_USAGE = YES_ERROR;
				CLANG_WARN_EMPTY_BODY = YES;
				CLANG_WARN_ENUM_CONVERSION = YES;
				CLANG_WARN_INT_CONVERSION = YES;
				CLANG_WARN_OBJC_ROOT_CLASS = YES_ERROR;
				CLANG_WARN_UNREACHABLE_CODE = YES;
				CLANG_WARN__DUPLICATE_METHOD_MATCH = YES;
				"CODE_SIGN_IDENTITY[sdk=iphoneos*]" = "iPhone Developer";
				COPY_PHASE_STRIP = NO;
				DEBUG_INFORMATION_FORMAT = dwarf;
				ENABLE_STRICT_OBJC_MSGSEND = YES;
				ENABLE_TESTABILITY = YES;
				GCC_C_LANGUAGE_STANDARD = gnu99;
				GCC_DYNAMIC_NO_PIC = NO;
				GCC_NO_COMMON_BLOCKS = YES;
				GCC_OPTIMIZATION_LEVEL = 0;
				GCC_PREPROCESSOR_DEFINITIONS = (
					"DEBUG=1",
					"$(inherited)",
				);
				GCC_WARN_64_TO_32_BIT_CONVERSION = YES;
				GCC_WARN_ABOUT_RETURN_TYPE = YES_ERROR;
				GCC_WARN_UNDECLARED_SELECTOR = YES;
				GCC_WARN_UNINITIALIZED_AUTOS = YES_AGGRESSIVE;
				GCC_WARN_UNUSED_FUNCTION = YES;
				GCC_WARN_UNUSED_VARIABLE = YES;
				IPHONEOS_DEPLOYMENT_TARGET = 9.2;
				MTL_ENABLE_DEBUG_INFO = YES;
				ONLY_ACTIVE_ARCH = YES;
				SDKROOT = iphoneos;
				TARGETED_DEVICE_FAMILY = "1,2";
			};
			name = Debug;
		};
		F45E55F11C35118C00C8BEC0 /* Release */ = {
			isa = XCBuildConfiguration;
			buildSettings = {
				ALWAYS_SEARCH_USER_PATHS = NO;
				CLANG_CXX_LANGUAGE_STANDARD = "gnu++0x";
				CLANG_CXX_LIBRARY = "libc++";
				CLANG_ENABLE_MODULES = YES;
				CLANG_ENABLE_OBJC_ARC = YES;
				CLANG_WARN_BOOL_CONVERSION = YES;
				CLANG_WARN_CONSTANT_CONVERSION = YES;
				CLANG_WARN_DIRECT_OBJC_ISA_USAGE = YES_ERROR;
				CLANG_WARN_EMPTY_BODY = YES;
				CLANG_WARN_ENUM_CONVERSION = YES;
				CLANG_WARN_INT_CONVERSION = YES;
				CLANG_WARN_OBJC_ROOT_CLASS = YES_ERROR;
				CLANG_WARN_UNREACHABLE_CODE = YES;
				CLANG_WARN__DUPLICATE_METHOD_MATCH = YES;
				"CODE_SIGN_IDENTITY[sdk=iphoneos*]" = "iPhone Developer";
				COPY_PHASE_STRIP = NO;
				DEBUG_INFORMATION_FORMAT = "dwarf-with-dsym";
				ENABLE_NS_ASSERTIONS = NO;
				ENABLE_STRICT_OBJC_MSGSEND = YES;
				GCC_C_LANGUAGE_STANDARD = gnu99;
				GCC_NO_COMMON_BLOCKS = YES;
				GCC_WARN_64_TO_32_BIT_CONVERSION = YES;
				GCC_WARN_ABOUT_RETURN_TYPE = YES_ERROR;
				GCC_WARN_UNDECLARED_SELECTOR = YES;
				GCC_WARN_UNINITIALIZED_AUTOS = YES_AGGRESSIVE;
				GCC_WARN_UNUSED_FUNCTION = YES;
				GCC_WARN_UNUSED_VARIABLE = YES;
				IPHONEOS_DEPLOYMENT_TARGET = 9.2;
				MTL_ENABLE_DEBUG_INFO = NO;
				SDKROOT = iphoneos;
				TARGETED_DEVICE_FAMILY = "1,2";
				VALIDATE_PRODUCT = YES;
			};
			name = Release;
		};
		F45E55F31C35118C00C8BEC0 /* Debug */ = {
			isa = XCBuildConfiguration;
			baseConfigurationReference = 9ACB4C105813C0048E571CDD /* Pods.debug.xcconfig */;
			buildSettings = {
				ASSETCATALOG_COMPILER_APPICON_NAME = AppIcon;
				INFOPLIST_FILE = LicenseViewer/Info.plist;
				LD_RUNPATH_SEARCH_PATHS = "$(inherited) @executable_path/Frameworks";
				PRODUCT_BUNDLE_IDENTIFIER = kari.jp.co.hirokiumatani.LicenseViewer;
				PRODUCT_NAME = "$(TARGET_NAME)";
			};
			name = Debug;
		};
		F45E55F41C35118C00C8BEC0 /* Release */ = {
			isa = XCBuildConfiguration;
			baseConfigurationReference = 1680B574B50C86CE2F1DDA22 /* Pods.release.xcconfig */;
			buildSettings = {
				ASSETCATALOG_COMPILER_APPICON_NAME = AppIcon;
				INFOPLIST_FILE = LicenseViewer/Info.plist;
				LD_RUNPATH_SEARCH_PATHS = "$(inherited) @executable_path/Frameworks";
				PRODUCT_BUNDLE_IDENTIFIER = kari.jp.co.hirokiumatani.LicenseViewer;
				PRODUCT_NAME = "$(TARGET_NAME)";
			};
			name = Release;
		};
/* End XCBuildConfiguration section */

/* Begin XCConfigurationList section */
		F45E55D61C35118C00C8BEC0 /* Build configuration list for PBXProject "LicenseViewer" */ = {
			isa = XCConfigurationList;
			buildConfigurations = (
				F45E55F01C35118C00C8BEC0 /* Debug */,
				F45E55F11C35118C00C8BEC0 /* Release */,
			);
			defaultConfigurationIsVisible = 0;
			defaultConfigurationName = Release;
		};
		F45E55F21C35118C00C8BEC0 /* Build configuration list for PBXNativeTarget "LicenseViewer" */ = {
			isa = XCConfigurationList;
			buildConfigurations = (
				F45E55F31C35118C00C8BEC0 /* Debug */,
				F45E55F41C35118C00C8BEC0 /* Release */,
			);
			defaultConfigurationIsVisible = 0;
			defaultConfigurationName = Release;
		};
/* End XCConfigurationList section */
	};
	rootObject = F45E55D31C35118C00C8BEC0 /* Project object */;
}
